{
  "name": "project_webgamedev",
  "version": "1.0.0",
  "lockfileVersion": 3,
  "requires": true,
  "packages": {
    "": {
      "name": "project_webgamedev",
      "version": "1.0.0",
      "license": "ISC",
      "dependencies": {
        "kaboom": "^3000.1.17"
      }
    },
    "node_modules/kaboom": {
      "version": "3000.1.17",
      "resolved": "https://registry.npmjs.org/kaboom/-/kaboom-3000.1.17.tgz",
      "integrity": "sha512-npAtjGxj9Oj9vLpXfURck9eUPHR2ac1Lhc1bNcZ0NWcs+Lgs40Ty+wjujv1C2DwjWvxaX+3r2G64M35BS/Ry2g==",
      "deprecated": "Kaboom is no longer maintained. Please use KAPLAY, the new game library built as its successor, by its developers.",
      "license": "MIT"
    }
  }
}
